{
  "version": 4,
  "terraform_version": "1.1.2",
  "serial": 101,
  "lineage": "6f150915-c0fc-5017-977a-45abea1a6a4a",
  "outputs": {
    "myipout": {
      "value": "35.200.255.208",
      "type": "string"
    },
    "myoutput": {
      "value": "6332959431790158639",
      "type": "string"
    }
  },
  "resources": [
    {
      "mode": "managed",
      "type": "google_compute_address",
      "name": "myipaddress",
      "provider": "provider[\"registry.terraform.io/hashicorp/google\"]",
      "instances": [
        {
          "schema_version": 0,
          "attributes": {
            "address": "35.200.255.208",
            "address_type": "EXTERNAL",
            "creation_timestamp": "2022-04-22T00:47:18.741-07:00",
            "description": "",
            "id": "projects/myterraform-347615/regions/asia-south1/addresses/mypublicip",
            "name": "mypublicip",
            "network": "",
            "network_tier": "PREMIUM",
            "prefix_length": 0,
            "project": "myterraform-347615",
            "purpose": "",
            "region": "asia-south1",
            "self_link": "https://www.googleapis.com/compute/v1/projects/myterraform-347615/regions/asia-south1/addresses/mypublicip",
            "subnetwork": "",
            "timeouts": null,
            "users": []
          },
          "sensitive_attributes": [],
          "private": "eyJlMmJmYjczMC1lY2FhLTExZTYtOGY4OC0zNDM2M2JjN2M0YzAiOnsiY3JlYXRlIjoxMjAwMDAwMDAwMDAwLCJkZWxldGUiOjEyMDAwMDAwMDAwMDB9fQ=="
        }
      ]
    },
    {
      "mode": "managed",
      "type": "google_compute_firewall",
      "name": "myfirewall",
      "provider": "provider[\"registry.terraform.io/hashicorp/google\"]",
      "instances": [
        {
          "schema_version": 1,
          "attributes": {
            "allow": [
              {
                "ports": [
                  "80",
                  "443",
                  "22"
                ],
                "protocol": "tcp"
              }
            ],
            "creation_timestamp": "2022-04-22T00:47:50.508-07:00",
            "deny": [],
            "description": "",
            "destination_ranges": [],
            "direction": "INGRESS",
            "disabled": false,
            "enable_logging": null,
            "id": "projects/myterraform-347615/global/firewalls/web-access",
            "log_config": [],
            "name": "web-access",
            "network": "https://www.googleapis.com/compute/v1/projects/myterraform-347615/global/networks/myvpc-net",
            "priority": 1000,
            "project": "myterraform-347615",
            "self_link": "https://www.googleapis.com/compute/v1/projects/myterraform-347615/global/firewalls/web-access",
            "source_ranges": [
              "0.0.0.0/0"
            ],
            "source_service_accounts": null,
            "source_tags": null,
            "target_service_accounts": null,
            "target_tags": null,
            "timeouts": null
          },
          "sensitive_attributes": [],
          "private": "eyJlMmJmYjczMC1lY2FhLTExZTYtOGY4OC0zNDM2M2JjN2M0YzAiOnsiY3JlYXRlIjoxMjAwMDAwMDAwMDAwLCJkZWxldGUiOjEyMDAwMDAwMDAwMDAsInVwZGF0ZSI6MTIwMDAwMDAwMDAwMH0sInNjaGVtYV92ZXJzaW9uIjoiMSJ9",
          "dependencies": [
            "google_compute_network.mynetwork"
          ]
        }
      ]
    },
    {
      "mode": "managed",
      "type": "google_compute_instance",
      "name": "mywebserver-1",
      "provider": "provider[\"registry.terraform.io/hashicorp/google\"]",
      "instances": [
        {
          "schema_version": 6,
          "attributes": {
            "advanced_machine_features": [],
            "allow_stopping_for_update": true,
            "attached_disk": [],
            "boot_disk": [
              {
                "auto_delete": true,
                "device_name": "persistent-disk-0",
                "disk_encryption_key_raw": "",
                "disk_encryption_key_sha256": "",
                "initialize_params": [
                  {
                    "image": "https://www.googleapis.com/compute/v1/projects/ubuntu-os-cloud/global/images/ubuntu-1804-bionic-v20220419",
                    "labels": {},
                    "size": 10,
                    "type": "pd-standard"
                  }
                ],
                "kms_key_self_link": "",
                "mode": "READ_WRITE",
                "source": "https://www.googleapis.com/compute/v1/projects/myterraform-347615/zones/asia-south1-a/disks/mywebserver"
              }
            ],
            "can_ip_forward": false,
            "confidential_instance_config": [],
            "cpu_platform": "Intel Broadwell",
            "current_status": "RUNNING",
            "deletion_protection": false,
            "description": "",
            "desired_status": null,
            "enable_display": false,
            "guest_accelerator": [],
            "hostname": "",
            "id": "projects/myterraform-347615/zones/asia-south1-a/instances/mywebserver",
            "instance_id": "6332959431790158639",
            "label_fingerprint": "42WmSpB8rSM=",
            "labels": null,
            "machine_type": "e2-micro",
            "metadata": {
              "ssh-keys": "ubuntu:ssh-rsa AAAAB3NzaC1yc2EAAAADAQABAAABgQCXZh4kICBlSKGhfdi/gJR55eVGJU6IxV25IdONuk6qHaWvm88AkWFAALYpzO3YaiQPy1I4FlIBUniF7DW90PjWYzYHvGQLYuAAALg4ytoaS2U0CNXG9tDFhEVJ4pnSAjcXvCEo2zwDIMwV/x014gp2VPPLolT5NNwKsfIwBl/jMgJYbzFsTOIwcERBIpzzJqMU5YznShRvdXj+HlcSsSMqb060IsC57W6VZ4gdNyUnCOfNcrOeZc/KtdG46tzpD4fiqDkjggYIQPAse4TUSqBEGNUggTAMXKxlXPyF6+/ddqbyQrpI5XnXck3i9CDuePSrPUEcHWFY4R+PGtoyKlb/PqwdOCUq+rZosufmy71uYnODRp3qU45tHgadNRhKia0SngVgRBe2zU2iih4UsSxfIZWNw17G1vIKlnu1WVtYarZTKMajD5Y6EWpMg+/8AJLELGhQKC9SD+SuaEflnT7SEv/a+44GRkYIorPv0/iq4y1O1uWH8p7Mo0WO+0EUDAU= Administrator@DESKTOP-FHM7P8H\n"
            },
            "metadata_fingerprint": "waXhoMC0IfQ=",
            "metadata_startup_script": "sudo apt-get update -y",
            "min_cpu_platform": "",
            "name": "mywebserver",
            "network_interface": [
              {
                "access_config": [
                  {
                    "nat_ip": "35.200.255.208",
                    "network_tier": "PREMIUM",
                    "public_ptr_domain_name": ""
                  }
                ],
                "alias_ip_range": [],
                "ipv6_access_config": [],
                "ipv6_access_type": "",
                "name": "nic0",
                "network": "https://www.googleapis.com/compute/v1/projects/myterraform-347615/global/networks/myvpc-net",
                "network_ip": "10.0.0.2",
                "nic_type": "",
                "queue_count": 0,
                "stack_type": "IPV4_ONLY",
                "subnetwork": "https://www.googleapis.com/compute/v1/projects/myterraform-347615/regions/asia-south1/subnetworks/myvpc-subnet-1",
                "subnetwork_project": "myterraform-347615"
              }
            ],
            "project": "myterraform-347615",
            "reservation_affinity": [],
            "resource_policies": null,
            "scheduling": [
              {
                "automatic_restart": true,
                "min_node_cpus": 0,
                "node_affinities": [],
                "on_host_maintenance": "MIGRATE",
                "preemptible": false
              }
            ],
            "scratch_disk": [],
            "self_link": "https://www.googleapis.com/compute/v1/projects/myterraform-347615/zones/asia-south1-a/instances/mywebserver",
            "service_account": [],
            "shielded_instance_config": [
              {
                "enable_integrity_monitoring": true,
                "enable_secure_boot": false,
                "enable_vtpm": true
              }
            ],
            "tags": [
              "webserver"
            ],
            "tags_fingerprint": "_TImyF0dyaI=",
            "timeouts": null,
            "zone": "asia-south1-a"
          },
          "sensitive_attributes": [],
          "private": "eyJlMmJmYjczMC1lY2FhLTExZTYtOGY4OC0zNDM2M2JjN2M0YzAiOnsiY3JlYXRlIjoxMjAwMDAwMDAwMDAwLCJkZWxldGUiOjEyMDAwMDAwMDAwMDAsInVwZGF0ZSI6MTIwMDAwMDAwMDAwMH0sInNjaGVtYV92ZXJzaW9uIjoiNiJ9",
          "dependencies": [
            "google_compute_address.myipaddress",
            "google_compute_network.mynetwork",
            "google_compute_subnetwork.mysubnet-1"
          ]
        }
      ]
    },
    {
      "mode": "managed",
      "type": "google_compute_network",
      "name": "mynetwork",
      "provider": "provider[\"registry.terraform.io/hashicorp/google\"]",
      "instances": [
        {
          "schema_version": 0,
          "attributes": {
            "auto_create_subnetworks": true,
            "delete_default_routes_on_create": false,
            "description": "",
            "gateway_ipv4": "",
            "id": "projects/myterraform-347615/global/networks/myvpc-net",
            "mtu": 0,
            "name": "myvpc-net",
            "project": "myterraform-347615",
            "routing_mode": "REGIONAL",
            "self_link": "https://www.googleapis.com/compute/v1/projects/myterraform-347615/global/networks/myvpc-net",
            "timeouts": null
          },
          "sensitive_attributes": [],
          "private": "eyJlMmJmYjczMC1lY2FhLTExZTYtOGY4OC0zNDM2M2JjN2M0YzAiOnsiY3JlYXRlIjoxMjAwMDAwMDAwMDAwLCJkZWxldGUiOjEyMDAwMDAwMDAwMDAsInVwZGF0ZSI6MTIwMDAwMDAwMDAwMH19"
        }
      ]
    },
    {
      "mode": "managed",
      "type": "google_compute_subnetwork",
      "name": "mysubnet-1",
      "provider": "provider[\"registry.terraform.io/hashicorp/google\"]",
      "instances": [
        {
          "schema_version": 0,
          "attributes": {
            "creation_timestamp": "2022-04-22T00:47:51.858-07:00",
            "description": "",
            "external_ipv6_prefix": "",
            "fingerprint": null,
            "gateway_address": "10.0.0.1",
            "id": "projects/myterraform-347615/regions/asia-south1/subnetworks/myvpc-subnet-1",
            "ip_cidr_range": "10.0.0.0/24",
            "ipv6_access_type": "",
            "ipv6_cidr_range": "",
            "log_config": [],
            "name": "myvpc-subnet-1",
            "network": "https://www.googleapis.com/compute/v1/projects/myterraform-347615/global/networks/myvpc-net",
            "private_ip_google_access": false,
            "private_ipv6_google_access": "DISABLE_GOOGLE_ACCESS",
            "project": "myterraform-347615",
            "purpose": "PRIVATE",
            "region": "asia-south1",
            "role": "",
            "secondary_ip_range": [],
            "self_link": "https://www.googleapis.com/compute/v1/projects/myterraform-347615/regions/asia-south1/subnetworks/myvpc-subnet-1",
            "stack_type": "IPV4_ONLY",
            "timeouts": null
          },
          "sensitive_attributes": [],
          "private": "eyJlMmJmYjczMC1lY2FhLTExZTYtOGY4OC0zNDM2M2JjN2M0YzAiOnsiY3JlYXRlIjoxMjAwMDAwMDAwMDAwLCJkZWxldGUiOjEyMDAwMDAwMDAwMDAsInVwZGF0ZSI6MTIwMDAwMDAwMDAwMH19",
          "dependencies": [
            "google_compute_network.mynetwork"
          ]
        }
      ]
    }
  ]
}
